// !$*UTF8*$!
{
	archiveVersion = 1;
	classes = {
	};
	objectVersion = 50;
	objects = {

/* Begin PBXBuildFile section */
		DBB5149B2569144E00BEC5AA /* AppDelegate.swift in Sources */ = {isa = PBXBuildFile; fileRef = DBB5149A2569144E00BEC5AA /* AppDelegate.swift */; };
		DBB5149D2569144E00BEC5AA /* SceneDelegate.swift in Sources */ = {isa = PBXBuildFile; fileRef = DBB5149C2569144E00BEC5AA /* SceneDelegate.swift */; };
		DBB514A22569144E00BEC5AA /* Main.storyboard in Resources */ = {isa = PBXBuildFile; fileRef = DBB514A02569144E00BEC5AA /* Main.storyboard */; };
		DBB514A42569145000BEC5AA /* Assets.xcassets in Resources */ = {isa = PBXBuildFile; fileRef = DBB514A32569145000BEC5AA /* Assets.xcassets */; };
		DBB514A72569145000BEC5AA /* LaunchScreen.storyboard in Resources */ = {isa = PBXBuildFile; fileRef = DBB514A52569145000BEC5AA /* LaunchScreen.storyboard */; };
		DBB514B3256914D400BEC5AA /* ViewController.swift in Sources */ = {isa = PBXBuildFile; fileRef = DBB514B2256914D400BEC5AA /* ViewController.swift */; };
		DBB514B7256914E400BEC5AA /* blockCollectionView.swift in Sources */ = {isa = PBXBuildFile; fileRef = DBB514B6256914E400BEC5AA /* blockCollectionView.swift */; };
		DBB514BA2569285200BEC5AA /* WinLine.swift in Sources */ = {isa = PBXBuildFile; fileRef = DBB514B92569285200BEC5AA /* WinLine.swift */; };
		DBB514BD2569286500BEC5AA /* ScoreController.swift in Sources */ = {isa = PBXBuildFile; fileRef = DBB514BC2569286500BEC5AA /* ScoreController.swift */; };
		DBB514C025692A2A00BEC5AA /* MinMaxAnalyser.swift in Sources */ = {isa = PBXBuildFile; fileRef = DBB514BF25692A2A00BEC5AA /* MinMaxAnalyser.swift */; };
/* End PBXBuildFile section */

/* Begin PBXFileReference section */
		DBB514972569144E00BEC5AA /* TicTacToe.app */ = {isa = PBXFileReference; explicitFileType = wrapper.application; includeInIndex = 0; path = TicTacToe.app; sourceTree = BUILT_PRODUCTS_DIR; };
		DBB5149A2569144E00BEC5AA /* AppDelegate.swift */ = {isa = PBXFileReference; lastKnownFileType = sourcecode.swift; path = AppDelegate.swift; sourceTree = "<group>"; };
		DBB5149C2569144E00BEC5AA /* SceneDelegate.swift */ = {isa = PBXFileReference; lastKnownFileType = sourcecode.swift; path = SceneDelegate.swift; sourceTree = "<group>"; };
		DBB514A12569144E00BEC5AA /* Base */ = {isa = PBXFileReference; lastKnownFileType = file.storyboard; name = Base; path = Base.lproj/Main.storyboard; sourceTree = "<group>"; };
		DBB514A32569145000BEC5AA /* Assets.xcassets */ = {isa = PBXFileReference; lastKnownFileType = folder.assetcatalog; path = Assets.xcassets; sourceTree = "<group>"; };
		DBB514A62569145000BEC5AA /* Base */ = {isa = PBXFileReference; lastKnownFileType = file.storyboard; name = Base; path = Base.lproj/LaunchScreen.storyboard; sourceTree = "<group>"; };
		DBB514A82569145000BEC5AA /* Info.plist */ = {isa = PBXFileReference; lastKnownFileType = text.plist.xml; path = Info.plist; sourceTree = "<group>"; };
		DBB514B2256914D400BEC5AA /* ViewController.swift */ = {isa = PBXFileReference; fileEncoding = 4; lastKnownFileType = sourcecode.swift; name = ViewController.swift; path = "../../../Mobile Documents/com~apple~CloudDocs/Gert/IOS/Sudoko2/TicTacToe/ViewController.swift"; sourceTree = "<group>"; };
		DBB514B6256914E400BEC5AA /* blockCollectionView.swift */ = {isa = PBXFileReference; fileEncoding = 4; lastKnownFileType = sourcecode.swift; path = blockCollectionView.swift; sourceTree = "<group>"; };
		DBB514B92569285200BEC5AA /* WinLine.swift */ = {isa = PBXFileReference; lastKnownFileType = sourcecode.swift; path = WinLine.swift; sourceTree = "<group>"; };
		DBB514BC2569286500BEC5AA /* ScoreController.swift */ = {isa = PBXFileReference; lastKnownFileType = sourcecode.swift; path = ScoreController.swift; sourceTree = "<group>"; };
		DBB514BF25692A2A00BEC5AA /* MinMaxAnalyser.swift */ = {isa = PBXFileReference; lastKnownFileType = sourcecode.swift; path = MinMaxAnalyser.swift; sourceTree = "<group>"; };
/* End PBXFileReference section */

/* Begin PBXFrameworksBuildPhase section */
		DBB514942569144E00BEC5AA /* Frameworks */ = {
			isa = PBXFrameworksBuildPhase;
			buildActionMask = 2147483647;
			files = (
			);
			runOnlyForDeploymentPostprocessing = 0;
		};
/* End PBXFrameworksBuildPhase section */

/* Begin PBXGroup section */
		DBB5148E2569144E00BEC5AA = {
			isa = PBXGroup;
			children = (
				DBB514992569144E00BEC5AA /* TicTacToe */,
				DBB514982569144E00BEC5AA /* Products */,
			);
			sourceTree = "<group>";
		};
		DBB514982569144E00BEC5AA /* Products */ = {
			isa = PBXGroup;
			children = (
				DBB514972569144E00BEC5AA /* TicTacToe.app */,
			);
			name = Products;
			sourceTree = "<group>";
		};
		DBB514992569144E00BEC5AA /* TicTacToe */ = {
			isa = PBXGroup;
			children = (
				DBB5149A2569144E00BEC5AA /* AppDelegate.swift */,
				DBB514BF25692A2A00BEC5AA /* MinMaxAnalyser.swift */,
				DBB5149C2569144E00BEC5AA /* SceneDelegate.swift */,
				DBB514B6256914E400BEC5AA /* blockCollectionView.swift */,
				DBB514B2256914D400BEC5AA /* ViewController.swift */,
				DBB514A02569144E00BEC5AA /* Main.storyboard */,
				DBB514BC2569286500BEC5AA /* ScoreController.swift */,
				DBB514A32569145000BEC5AA /* Assets.xcassets */,
				DBB514B92569285200BEC5AA /* WinLine.swift */,
				DBB514A52569145000BEC5AA /* LaunchScreen.storyboard */,
				DBB514A82569145000BEC5AA /* Info.plist */,
			);
			path = TicTacToe;
			sourceTree = "<group>";
		};
/* End PBXGroup section */

/* Begin PBXNativeTarget section */
		DBB514962569144E00BEC5AA /* TicTacToe */ = {
			isa = PBXNativeTarget;
			buildConfigurationList = DBB514AB2569145000BEC5AA /* Build configuration list for PBXNativeTarget "TicTacToe" */;
			buildPhases = (
				DBB514932569144E00BEC5AA /* Sources */,
				DBB514942569144E00BEC5AA /* Frameworks */,
				DBB514952569144E00BEC5AA /* Resources */,
			);
			buildRules = (
			);
			dependencies = (
			);
			name = TicTacToe;
			productName = TicTacToe;
			productReference = DBB514972569144E00BEC5AA /* TicTacToe.app */;
			productType = "com.apple.product-type.application";
		};
/* End PBXNativeTarget section */

/* Begin PBXProject section */
		DBB5148F2569144E00BEC5AA /* Project object */ = {
			isa = PBXProject;
			attributes = {
				LastSwiftUpdateCheck = 1220;
				LastUpgradeCheck = 1220;
				TargetAttributes = {
					DBB514962569144E00BEC5AA = {
						CreatedOnToolsVersion = 12.2;
					};
				};
			};
			buildConfigurationList = DBB514922569144E00BEC5AA /* Build configuration list for PBXProject "TicTacToe" */;
			compatibilityVersion = "Xcode 9.3";
			developmentRegion = en;
			hasScannedForEncodings = 0;
			knownRegions = (
				en,
				Base,
			);
			mainGroup = DBB5148E2569144E00BEC5AA;
			productRefGroup = DBB514982569144E00BEC5AA /* Products */;
			projectDirPath = "";
			projectRoot = "";
			targets = (
				DBB514962569144E00BEC5AA /* TicTacToe */,
			);
		};
/* End PBXProject section */

/* Begin PBXResourcesBuildPhase section */
		DBB514952569144E00BEC5AA /* Resources */ = {
			isa = PBXResourcesBuildPhase;
			buildActionMask = 2147483647;
			files = (
				DBB514A72569145000BEC5AA /* LaunchScreen.storyboard in Resources */,
				DBB514A42569145000BEC5AA /* Assets.xcassets in Resources */,
				DBB514A22569144E00BEC5AA /* Main.storyboard in Resources */,
			);
			runOnlyForDeploymentPostprocessing = 0;
		};
/* End PBXResourcesBuildPhase section */

/* Begin PBXSourcesBuildPhase section */
		DBB514932569144E00BEC5AA /* Sources */ = {
			isa = PBXSourcesBuildPhase;
			buildActionMask = 2147483647;
			files = (
				DBB5149B2569144E00BEC5AA /* AppDelegate.swift in Sources */,
				DBB514B3256914D400BEC5AA /* ViewController.swift in Sources */,
				DBB514BD2569286500BEC5AA /* ScoreController.swift in Sources */,
				DBB514BA2569285200BEC5AA /* WinLine.swift in Sources */,
				DBB514B7256914E400BEC5AA /* blockCollectionView.swift in Sources */,
				DBB5149D2569144E00BEC5AA /* SceneDelegate.swift in Sources */,
				DBB514C025692A2A00BEC5AA /* MinMaxAnalyser.swift in Sources */,
			);
			runOnlyForDeploymentPostprocessing = 0;
		};
/* End PBXSourcesBuildPhase section */

/* Begin PBXVariantGroup section */
		DBB514A02569144E00BEC5AA /* Main.storyboard */ = {
			isa = PBXVariantGroup;
			children = (
				DBB514A12569144E00BEC5AA /* Base */,
			);
			name = Main.storyboard;
			sourceTree = "<group>";
		};
		DBB514A52569145000BEC5AA /* LaunchScreen.storyboard */ = {
			isa = PBXVariantGroup;
			children = (
				DBB514A62569145000BEC5AA /* Base */,
			);
			name = LaunchScreen.storyboard;
			sourceTree = "<group>";
		};
/* End PBXVariantGroup section */

/* Begin XCBuildConfiguration section */
		DBB514A92569145000BEC5AA /* Debug */ = {
			isa = XCBuildConfiguration;
			buildSettings = {
				ALWAYS_SEARCH_USER_PATHS = NO;
				CLANG_ANALYZER_NONNULL = YES;
				CLANG_ANALYZER_NUMBER_OBJECT_CONVERSION = YES_AGGRESSIVE;
				CLANG_CXX_LANGUAGE_STANDARD = "gnu++14";
				CLANG_CXX_LIBRARY = "libc++";
				CLANG_ENABLE_MODULES = YES;
				CLANG_ENABLE_OBJC_ARC = YES;
				CLANG_ENABLE_OBJC_WEAK = YES;
				CLANG_WARN_BLOCK_CAPTURE_AUTORELEASING = YES;
				CLANG_WARN_BOOL_CONVERSION = YES;
				CLANG_WARN_COMMA = YES;
				CLANG_WARN_CONSTANT_CONVERSION = YES;
				CLANG_WARN_DEPRECATED_OBJC_IMPLEMENTATIONS = YES;
				CLANG_WARN_DIRECT_OBJC_ISA_USAGE = YES_ERROR;
				CLANG_WARN_DOCUMENTATION_COMMENTS = YES;
				CLANG_WARN_EMPTY_BODY = YES;
				CLANG_WARN_ENUM_CONVERSION = YES;
				CLANG_WARN_INFINITE_RECURSION = YES;
				CLANG_WARN_INT_CONVERSION = YES;
				CLANG_WARN_NON_LITERAL_NULL_CONVERSION = YES;
				CLANG_WARN_OBJC_IMPLICIT_RETAIN_SELF = YES;
				CLANG_WARN_OBJC_LITERAL_CONVERSION = YES;
				CLANG_WARN_OBJC_ROOT_CLASS = YES_ERROR;
				CLANG_WARN_QUOTED_INCLUDE_IN_FRAMEWORK_HEADER = YES;
				CLANG_WARN_RANGE_LOOP_ANALYSIS = YES;
				CLANG_WARN_STRICT_PROTOTYPES = YES;
				CLANG_WARN_SUSPICIOUS_MOVE = YES;
				CLANG_WARN_UNGUARDED_AVAILABILITY = YES_AGGRESSIVE;
				CLANG_WARN_UNREACHABLE_CODE = YES;
				CLANG_WARN__DUPLICATE_METHOD_MATCH = YES;
				COPY_PHASE_STRIP = NO;
				DEBUG_INFORMATION_FORMAT = dwarf;
				ENABLE_STRICT_OBJC_MSGSEND = YES;
				ENABLE_TESTABILITY = YES;
				GCC_C_LANGUAGE_STANDARD = gnu11;
				GCC_DYNAMIC_NO_PIC = NO;
				GCC_NO_COMMON_BLOCKS = YES;
				GCC_OPTIMIZATION_LEVEL = 0;
				GCC_PREPROCESSOR_DEFINITIONS = (
					"DEBUG=1",
					"$(inherited)",
				);
				GCC_WARN_64_TO_32_BIT_CONVERSION = YES;
				GCC_WARN_ABOUT_RETURN_TYPE = YES_ERROR;
				GCC_WARN_UNDECLARED_SELECTOR = YES;
				GCC_WARN_UNINITIALIZED_AUTOS = YES_AGGRESSIVE;
				GCC_WARN_UNUSED_FUNCTION = YES;
				GCC_WARN_UNUSED_VARIABLE = YES;
				IPHONEOS_DEPLOYMENT_TARGET = 14.2;
				MTL_ENABLE_DEBUG_INFO = INCLUDE_SOURCE;
				MTL_FAST_MATH = YES;
				ONLY_ACTIVE_ARCH = YES;
				SDKROOT = iphoneos;
				SWIFT_ACTIVE_COMPILATION_CONDITIONS = DEBUG;
				SWIFT_OPTIMIZATION_LEVEL = "-Onone";
			};
			name = Debug;
		};
		DBB514AA2569145000BEC5AA /* Release */ = {
			isa = XCBuildConfiguration;
			buildSettings = {
				ALWAYS_SEARCH_USER_PATHS = NO;
				CLANG_ANALYZER_NONNULL = YES;
				CLANG_ANALYZER_NUMBER_OBJECT_CONVERSION = YES_AGGRESSIVE;
				CLANG_CXX_LANGUAGE_STANDARD = "gnu++14";
				CLANG_CXX_LIBRARY = "libc++";
				CLANG_ENABLE_MODULES = YES;
				CLANG_ENABLE_OBJC_ARC = YES;
				CLANG_ENABLE_OBJC_WEAK = YES;
				CLANG_WARN_BLOCK_CAPTURE_AUTORELEASING = YES;
				CLANG_WARN_BOOL_CONVERSION = YES;
				CLANG_WARN_COMMA = YES;
				CLANG_WARN_CONSTANT_CONVERSION = YES;
				CLANG_WARN_DEPRECATED_OBJC_IMPLEMENTATIONS = YES;
				CLANG_WARN_DIRECT_OBJC_ISA_USAGE = YES_ERROR;
				CLANG_WARN_DOCUMENTATION_COMMENTS = YES;
				CLANG_WARN_EMPTY_BODY = YES;
				CLANG_WARN_ENUM_CONVERSION = YES;
				CLANG_WARN_INFINITE_RECURSION = YES;
				CLANG_WARN_INT_CONVERSION = YES;
				CLANG_WARN_NON_LITERAL_NULL_CONVERSION = YES;
				CLANG_WARN_OBJC_IMPLICIT_RETAIN_SELF = YES;
				CLANG_WARN_OBJC_LITERAL_CONVERSION = YES;
				CLANG_WARN_OBJC_ROOT_CLASS = YES_ERROR;
				CLANG_WARN_QUOTED_INCLUDE_IN_FRAMEWORK_HEADER = YES;
				CLANG_WARN_RANGE_LOOP_ANALYSIS = YES;
				CLANG_WARN_STRICT_PROTOTYPES = YES;
				CLANG_WARN_SUSPICIOUS_MOVE = YES;
				CLANG_WARN_UNGUARDED_AVAILABILITY = YES_AGGRESSIVE;
				CLANG_WARN_UNREACHABLE_CODE = YES;
				CLANG_WARN__DUPLICATE_METHOD_MATCH = YES;
				COPY_PHASE_STRIP = NO;
				DEBUG_INFORMATION_FORMAT = "dwarf-with-dsym";
				ENABLE_NS_ASSERTIONS = NO;
				ENABLE_STRICT_OBJC_MSGSEND = YES;
				GCC_C_LANGUAGE_STANDARD = gnu11;
				GCC_NO_COMMON_BLOCKS = YES;
				GCC_WARN_64_TO_32_BIT_CONVERSION = YES;
				GCC_WARN_ABOUT_RETURN_TYPE = YES_ERROR;
				GCC_WARN_UNDECLARED_SELECTOR = YES;
				GCC_WARN_UNINITIALIZED_AUTOS = YES_AGGRESSIVE;
				GCC_WARN_UNUSED_FUNCTION = YES;
				GCC_WARN_UNUSED_VARIABLE = YES;
				IPHONEOS_DEPLOYMENT_TARGET = 14.2;
				MTL_ENABLE_DEBUG_INFO = NO;
				MTL_FAST_MATH = YES;
				SDKROOT = iphoneos;
				SWIFT_COMPILATION_MODE = wholemodule;
				SWIFT_OPTIMIZATION_LEVEL = "-O";
				VALIDATE_PRODUCT = YES;
			};
			name = Release;
		};
		DBB514AC2569145000BEC5AA /* Debug */ = {
			isa = XCBuildConfiguration;
			buildSettings = {
				ASSETCATALOG_COMPILER_APPICON_NAME = AppIcon;
				ASSETCATALOG_COMPILER_GLOBAL_ACCENT_COLOR_NAME = AccentColor;
				CODE_SIGN_STYLE = Automatic;
				DEVELOPMENT_TEAM = F5BU4SAKG7;
				INFOPLIST_FILE = TicTacToe/Info.plist;
				LD_RUNPATH_SEARCH_PATHS = (
					"$(inherited)",
					"@executable_path/Frameworks",
				);
				PRODUCT_BUNDLE_IDENTIFIER = nl.vermeernet.TicTacToe;
				PRODUCT_NAME = "$(TARGET_NAME)";
				SWIFT_VERSION = 5.0;
				TARGETED_DEVICE_FAMILY = "1,2";
			};
			name = Debug;
		};
		DBB514AD2569145000BEC5AA /* Release */ = {
			isa = XCBuildConfiguration;
			buildSettings = {
				ASSETCATALOG_COMPILER_APPICON_NAME = AppIcon;
				ASSETCATALOG_COMPILER_GLOBAL_ACCENT_COLOR_NAME = AccentColor;
				CODE_SIGN_STYLE = Automatic;
				DEVELOPMENT_TEAM = F5BU4SAKG7;
				INFOPLIST_FILE = TicTacToe/Info.plist;
				LD_RUNPATH_SEARCH_PATHS = (
					"$(inherited)",
					"@executable_path/Frameworks",
				);
				PRODUCT_BUNDLE_IDENTIFIER = nl.vermeernet.TicTacToe;
				PRODUCT_NAME = "$(TARGET_NAME)";
				SWIFT_VERSION = 5.0;
				TARGETED_DEVICE_FAMILY = "1,2";
			};
			name = Release;
		};
/* End XCBuildConfiguration section */

/* Begin XCConfigurationList section */
		DBB514922569144E00BEC5AA /* Build configuration list for PBXProject "TicTacToe" */ = {
			isa = XCConfigurationList;
			buildConfigurations = (
				DBB514A92569145000BEC5AA /* Debug */,
				DBB514AA2569145000BEC5AA /* Release */,
			);
			defaultConfigurationIsVisible = 0;
			defaultConfigurationName = Release;
		};
		DBB514AB2569145000BEC5AA /* Build configuration list for PBXNativeTarget "TicTacToe" */ = {
			isa = XCConfigurationList;
			buildConfigurations = (
				DBB514AC2569145000BEC5AA /* Debug */,
				DBB514AD2569145000BEC5AA /* Release */,
			);
			defaultConfigurationIsVisible = 0;
			defaultConfigurationName = Release;
		};
/* End XCConfigurationList section */
	};
	rootObject = DBB5148F2569144E00BEC5AA /* Project object */;
}
